
Microsoft Visual Studio Solution File, Format Version 12.00
# Visual Studio Version 17
VisualStudioVersion = 17.4.33110.190
MinimumVisualStudioVersion = 10.0.40219.1
Project("{FAE04EC0-301F-11D3-BF4B-00C04F79EFBC}") = "TriviaTrekk", "TriviaTrekk.csproj", "{600AA572-C5A2-45D0-B99E-75083481B48B}"
EndProject
Global
	GlobalSection(SolutionConfigurationPlatforms) = preSolution
		Debug|Any CPU = Debug|Any CPU
		Release|Any CPU = Release|Any CPU
	EndGlobalSection
	GlobalSection(ProjectConfigurationPlatforms) = postSolution
		{600AA572-C5A2-45D0-B99E-75083481B48B}.Debug|Any CPU.ActiveCfg = Debug|Any CPU
		{600AA572-C5A2-45D0-B99E-75083481B48B}.Debug|Any CPU.Build.0 = Debug|Any CPU
		{600AA572-C5A2-45D0-B99E-75083481B48B}.Release|Any CPU.ActiveCfg = Release|Any CPU
		{600AA572-C5A2-45D0-B99E-75083481B48B}.Release|Any CPU.Build.0 = Release|Any CPU
	EndGlobalSection
	GlobalSection(SolutionProperties) = preSolution
		HideSolutionNode = FALSE
	EndGlobalSection
	GlobalSection(ExtensibilityGlobals) = postSolution
		SolutionGuid = {F5F4241D-9B0A-4563-BD28-759B089340BC}
	EndGlobalSection
EndGlobal
